// !$*UTF8*$!
{
	archiveVersion = 1;
	classes = {
	};
	objectVersion = 46;
	objects = {

/* Begin PBXBuildFile section */
		C39B04D81EC7F8BB00EFCD49 /* AppDelegate.swift in Sources */ = {isa = PBXBuildFile; fileRef = C39B04D71EC7F8BB00EFCD49 /* AppDelegate.swift */; };
		C39B04DA1EC7F8BB00EFCD49 /* ViewController.swift in Sources */ = {isa = PBXBuildFile; fileRef = C39B04D91EC7F8BB00EFCD49 /* ViewController.swift */; };
		C39B04DD1EC7F8BB00EFCD49 /* Main.storyboard in Resources */ = {isa = PBXBuildFile; fileRef = C39B04DB1EC7F8BB00EFCD49 /* Main.storyboard */; };
		C39B04E01EC7F8BB00EFCD49 /* AVCam_III.xcdatamodeld in Sources */ = {isa = PBXBuildFile; fileRef = C39B04DE1EC7F8BB00EFCD49 /* AVCam_III.xcdatamodeld */; };
		C39B04E21EC7F8BB00EFCD49 /* Assets.xcassets in Resources */ = {isa = PBXBuildFile; fileRef = C39B04E11EC7F8BB00EFCD49 /* Assets.xcassets */; };
		C39B04E51EC7F8BB00EFCD49 /* LaunchScreen.storyboard in Resources */ = {isa = PBXBuildFile; fileRef = C39B04E31EC7F8BB00EFCD49 /* LaunchScreen.storyboard */; };
		C39B04ED1EC7FC3000EFCD49 /* ThirdViewController.swift in Sources */ = {isa = PBXBuildFile; fileRef = C39B04EC1EC7FC3000EFCD49 /* ThirdViewController.swift */; };
		C39B04EF1EC7FC4600EFCD49 /* SecondViewController.swift in Sources */ = {isa = PBXBuildFile; fileRef = C39B04EE1EC7FC4600EFCD49 /* SecondViewController.swift */; };
		C39B04F11EC7FD6800EFCD49 /* NavigationViewController.swift in Sources */ = {isa = PBXBuildFile; fileRef = C39B04F01EC7FD6800EFCD49 /* NavigationViewController.swift */; };
		C39B04F71EC8118900EFCD49 /* StarterViewController.swift in Sources */ = {isa = PBXBuildFile; fileRef = C39B04F61EC8118900EFCD49 /* StarterViewController.swift */; };
		C39B04FC1EC8148000EFCD49 /* PreviewView.swift in Sources */ = {isa = PBXBuildFile; fileRef = C39B04F91EC8148000EFCD49 /* PreviewView.swift */; };
		C39B04FD1EC8148000EFCD49 /* CameraViewController.swift in Sources */ = {isa = PBXBuildFile; fileRef = C39B04FA1EC8148000EFCD49 /* CameraViewController.swift */; };
		C39B04FE1EC8148000EFCD49 /* PhotoCaptureDelegate.swift in Sources */ = {isa = PBXBuildFile; fileRef = C39B04FB1EC8148000EFCD49 /* PhotoCaptureDelegate.swift */; };
/* End PBXBuildFile section */

/* Begin PBXFileReference section */
		C39B04D41EC7F8BB00EFCD49 /* AVCam_III.app */ = {isa = PBXFileReference; explicitFileType = wrapper.application; includeInIndex = 0; path = AVCam_III.app; sourceTree = BUILT_PRODUCTS_DIR; };
		C39B04D71EC7F8BB00EFCD49 /* AppDelegate.swift */ = {isa = PBXFileReference; lastKnownFileType = sourcecode.swift; path = AppDelegate.swift; sourceTree = "<group>"; };
		C39B04D91EC7F8BB00EFCD49 /* ViewController.swift */ = {isa = PBXFileReference; lastKnownFileType = sourcecode.swift; path = ViewController.swift; sourceTree = "<group>"; };
		C39B04DC1EC7F8BB00EFCD49 /* Base */ = {isa = PBXFileReference; lastKnownFileType = file.storyboard; name = Base; path = Base.lproj/Main.storyboard; sourceTree = "<group>"; };
		C39B04DF1EC7F8BB00EFCD49 /* AVCam_III.xcdatamodel */ = {isa = PBXFileReference; lastKnownFileType = wrapper.xcdatamodel; path = AVCam_III.xcdatamodel; sourceTree = "<group>"; };
		C39B04E11EC7F8BB00EFCD49 /* Assets.xcassets */ = {isa = PBXFileReference; lastKnownFileType = folder.assetcatalog; path = Assets.xcassets; sourceTree = "<group>"; };
		C39B04E41EC7F8BB00EFCD49 /* Base */ = {isa = PBXFileReference; lastKnownFileType = file.storyboard; name = Base; path = Base.lproj/LaunchScreen.storyboard; sourceTree = "<group>"; };
		C39B04E61EC7F8BB00EFCD49 /* Info.plist */ = {isa = PBXFileReference; lastKnownFileType = text.plist.xml; path = Info.plist; sourceTree = "<group>"; };
		C39B04EC1EC7FC3000EFCD49 /* ThirdViewController.swift */ = {isa = PBXFileReference; fileEncoding = 4; lastKnownFileType = sourcecode.swift; path = ThirdViewController.swift; sourceTree = "<group>"; };
		C39B04EE1EC7FC4600EFCD49 /* SecondViewController.swift */ = {isa = PBXFileReference; fileEncoding = 4; lastKnownFileType = sourcecode.swift; path = SecondViewController.swift; sourceTree = "<group>"; };
		C39B04F01EC7FD6800EFCD49 /* NavigationViewController.swift */ = {isa = PBXFileReference; fileEncoding = 4; lastKnownFileType = sourcecode.swift; path = NavigationViewController.swift; sourceTree = "<group>"; };
		C39B04F61EC8118900EFCD49 /* StarterViewController.swift */ = {isa = PBXFileReference; fileEncoding = 4; lastKnownFileType = sourcecode.swift; path = StarterViewController.swift; sourceTree = "<group>"; };
		C39B04F91EC8148000EFCD49 /* PreviewView.swift */ = {isa = PBXFileReference; fileEncoding = 4; lastKnownFileType = sourcecode.swift; path = PreviewView.swift; sourceTree = "<group>"; };
		C39B04FA1EC8148000EFCD49 /* CameraViewController.swift */ = {isa = PBXFileReference; fileEncoding = 4; lastKnownFileType = sourcecode.swift; path = CameraViewController.swift; sourceTree = "<group>"; };
		C39B04FB1EC8148000EFCD49 /* PhotoCaptureDelegate.swift */ = {isa = PBXFileReference; fileEncoding = 4; lastKnownFileType = sourcecode.swift; path = PhotoCaptureDelegate.swift; sourceTree = "<group>"; };
/* End PBXFileReference section */

/* Begin PBXFrameworksBuildPhase section */
		C39B04D11EC7F8BB00EFCD49 /* Frameworks */ = {
			isa = PBXFrameworksBuildPhase;
			buildActionMask = 2147483647;
			files = (
			);
			runOnlyForDeploymentPostprocessing = 0;
		};
/* End PBXFrameworksBuildPhase section */

/* Begin PBXGroup section */
		C39B04CB1EC7F8BB00EFCD49 = {
			isa = PBXGroup;
			children = (
				C39B04D61EC7F8BB00EFCD49 /* AVCam_III */,
				C39B04D51EC7F8BB00EFCD49 /* Products */,
			);
			sourceTree = "<group>";
		};
		C39B04D51EC7F8BB00EFCD49 /* Products */ = {
			isa = PBXGroup;
			children = (
				C39B04D41EC7F8BB00EFCD49 /* AVCam_III.app */,
			);
			name = Products;
			sourceTree = "<group>";
		};
		C39B04D61EC7F8BB00EFCD49 /* AVCam_III */ = {
			isa = PBXGroup;
			children = (
				C39B04F81EC8141C00EFCD49 /* MMPhoto */,
				C39B04D71EC7F8BB00EFCD49 /* AppDelegate.swift */,
				C39B04D91EC7F8BB00EFCD49 /* ViewController.swift */,
				C39B04F01EC7FD6800EFCD49 /* NavigationViewController.swift */,
				C39B04DB1EC7F8BB00EFCD49 /* Main.storyboard */,
				C39B04F61EC8118900EFCD49 /* StarterViewController.swift */,
				C39B04EC1EC7FC3000EFCD49 /* ThirdViewController.swift */,
				C39B04EE1EC7FC4600EFCD49 /* SecondViewController.swift */,
				C39B04E11EC7F8BB00EFCD49 /* Assets.xcassets */,
				C39B04E31EC7F8BB00EFCD49 /* LaunchScreen.storyboard */,
				C39B04E61EC7F8BB00EFCD49 /* Info.plist */,
				C39B04DE1EC7F8BB00EFCD49 /* AVCam_III.xcdatamodeld */,
			);
			path = AVCam_III;
			sourceTree = "<group>";
		};
		C39B04F81EC8141C00EFCD49 /* MMPhoto */ = {
			isa = PBXGroup;
			children = (
				C39B04F91EC8148000EFCD49 /* PreviewView.swift */,
				C39B04FA1EC8148000EFCD49 /* CameraViewController.swift */,
				C39B04FB1EC8148000EFCD49 /* PhotoCaptureDelegate.swift */,
			);
			name = MMPhoto;
			sourceTree = "<group>";
		};
/* End PBXGroup section */

/* Begin PBXNativeTarget section */
		C39B04D31EC7F8BB00EFCD49 /* AVCam_III */ = {
			isa = PBXNativeTarget;
			buildConfigurationList = C39B04E91EC7F8BB00EFCD49 /* Build configuration list for PBXNativeTarget "AVCam_III" */;
			buildPhases = (
				C39B04D01EC7F8BB00EFCD49 /* Sources */,
				C39B04D11EC7F8BB00EFCD49 /* Frameworks */,
				C39B04D21EC7F8BB00EFCD49 /* Resources */,
			);
			buildRules = (
			);
			dependencies = (
			);
			name = AVCam_III;
			productName = AVCam_III;
			productReference = C39B04D41EC7F8BB00EFCD49 /* AVCam_III.app */;
			productType = "com.apple.product-type.application";
		};
/* End PBXNativeTarget section */

/* Begin PBXProject section */
		C39B04CC1EC7F8BB00EFCD49 /* Project object */ = {
			isa = PBXProject;
			attributes = {
				LastSwiftUpdateCheck = 0820;
				LastUpgradeCheck = 0820;
				ORGANIZATIONNAME = "Tracy Petrie";
				TargetAttributes = {
					C39B04D31EC7F8BB00EFCD49 = {
						CreatedOnToolsVersion = 8.2.1;
						DevelopmentTeam = 58TV7AA4JA;
						ProvisioningStyle = Automatic;
					};
				};
			};
			buildConfigurationList = C39B04CF1EC7F8BB00EFCD49 /* Build configuration list for PBXProject "AVCam_III" */;
			compatibilityVersion = "Xcode 3.2";
			developmentRegion = English;
			hasScannedForEncodings = 0;
			knownRegions = (
				en,
				Base,
			);
			mainGroup = C39B04CB1EC7F8BB00EFCD49;
			productRefGroup = C39B04D51EC7F8BB00EFCD49 /* Products */;
			projectDirPath = "";
			projectRoot = "";
			targets = (
				C39B04D31EC7F8BB00EFCD49 /* AVCam_III */,
			);
		};
/* End PBXProject section */

/* Begin PBXResourcesBuildPhase section */
		C39B04D21EC7F8BB00EFCD49 /* Resources */ = {
			isa = PBXResourcesBuildPhase;
			buildActionMask = 2147483647;
			files = (
				C39B04E51EC7F8BB00EFCD49 /* LaunchScreen.storyboard in Resources */,
				C39B04E21EC7F8BB00EFCD49 /* Assets.xcassets in Resources */,
				C39B04DD1EC7F8BB00EFCD49 /* Main.storyboard in Resources */,
			);
			runOnlyForDeploymentPostprocessing = 0;
		};
/* End PBXResourcesBuildPhase section */

/* Begin PBXSourcesBuildPhase section */
		C39B04D01EC7F8BB00EFCD49 /* Sources */ = {
			isa = PBXSourcesBuildPhase;
			buildActionMask = 2147483647;
			files = (
				C39B04F11EC7FD6800EFCD49 /* NavigationViewController.swift in Sources */,
				C39B04FC1EC8148000EFCD49 /* PreviewView.swift in Sources */,
				C39B04E01EC7F8BB00EFCD49 /* AVCam_III.xcdatamodeld in Sources */,
				C39B04F71EC8118900EFCD49 /* StarterViewController.swift in Sources */,
				C39B04DA1EC7F8BB00EFCD49 /* ViewController.swift in Sources */,
				C39B04ED1EC7FC3000EFCD49 /* ThirdViewController.swift in Sources */,
				C39B04EF1EC7FC4600EFCD49 /* SecondViewController.swift in Sources */,
				C39B04D81EC7F8BB00EFCD49 /* AppDelegate.swift in Sources */,
				C39B04FE1EC8148000EFCD49 /* PhotoCaptureDelegate.swift in Sources */,
				C39B04FD1EC8148000EFCD49 /* CameraViewController.swift in Sources */,
			);
			runOnlyForDeploymentPostprocessing = 0;
		};
/* End PBXSourcesBuildPhase section */

/* Begin PBXVariantGroup section */
		C39B04DB1EC7F8BB00EFCD49 /* Main.storyboard */ = {
			isa = PBXVariantGroup;
			children = (
				C39B04DC1EC7F8BB00EFCD49 /* Base */,
			);
			name = Main.storyboard;
			sourceTree = "<group>";
		};
		C39B04E31EC7F8BB00EFCD49 /* LaunchScreen.storyboard */ = {
			isa = PBXVariantGroup;
			children = (
				C39B04E41EC7F8BB00EFCD49 /* Base */,
			);
			name = LaunchScreen.storyboard;
			sourceTree = "<group>";
		};
/* End PBXVariantGroup section */

/* Begin XCBuildConfiguration section */
		C39B04E71EC7F8BB00EFCD49 /* Debug */ = {
			isa = XCBuildConfiguration;
			buildSettings = {
				ALWAYS_SEARCH_USER_PATHS = NO;
				CLANG_ANALYZER_NONNULL = YES;
				CLANG_CXX_LANGUAGE_STANDARD = "gnu++0x";
				CLANG_CXX_LIBRARY = "libc++";
				CLANG_ENABLE_MODULES = YES;
				CLANG_ENABLE_OBJC_ARC = YES;
				CLANG_WARN_BOOL_CONVERSION = YES;
				CLANG_WARN_CONSTANT_CONVERSION = YES;
				CLANG_WARN_DIRECT_OBJC_ISA_USAGE = YES_ERROR;
				CLANG_WARN_DOCUMENTATION_COMMENTS = YES;
				CLANG_WARN_EMPTY_BODY = YES;
				CLANG_WARN_ENUM_CONVERSION = YES;
				CLANG_WARN_INFINITE_RECURSION = YES;
				CLANG_WARN_INT_CONVERSION = YES;
				CLANG_WARN_OBJC_ROOT_CLASS = YES_ERROR;
				CLANG_WARN_SUSPICIOUS_MOVE = YES;
				CLANG_WARN_UNREACHABLE_CODE = YES;
				CLANG_WARN__DUPLICATE_METHOD_MATCH = YES;
				"CODE_SIGN_IDENTITY[sdk=iphoneos*]" = "iPhone Developer";
				COPY_PHASE_STRIP = NO;
				DEBUG_INFORMATION_FORMAT = dwarf;
				ENABLE_STRICT_OBJC_MSGSEND = YES;
				ENABLE_TESTABILITY = YES;
				GCC_C_LANGUAGE_STANDARD = gnu99;
				GCC_DYNAMIC_NO_PIC = NO;
				GCC_NO_COMMON_BLOCKS = YES;
				GCC_OPTIMIZATION_LEVEL = 0;
				GCC_PREPROCESSOR_DEFINITIONS = (
					"DEBUG=1",
					"$(inherited)",
				);
				GCC_WARN_64_TO_32_BIT_CONVERSION = YES;
				GCC_WARN_ABOUT_RETURN_TYPE = YES_ERROR;
				GCC_WARN_UNDECLARED_SELECTOR = YES;
				GCC_WARN_UNINITIALIZED_AUTOS = YES_AGGRESSIVE;
				GCC_WARN_UNUSED_FUNCTION = YES;
				GCC_WARN_UNUSED_VARIABLE = YES;
				IPHONEOS_DEPLOYMENT_TARGET = 10.2;
				MTL_ENABLE_DEBUG_INFO = YES;
				ONLY_ACTIVE_ARCH = YES;
				SDKROOT = iphoneos;
				SWIFT_ACTIVE_COMPILATION_CONDITIONS = DEBUG;
				SWIFT_OPTIMIZATION_LEVEL = "-Onone";
			};
			name = Debug;
		};
		C39B04E81EC7F8BB00EFCD49 /* Release */ = {
			isa = XCBuildConfiguration;
			buildSettings = {
				ALWAYS_SEARCH_USER_PATHS = NO;
				CLANG_ANALYZER_NONNULL = YES;
				CLANG_CXX_LANGUAGE_STANDARD = "gnu++0x";
				CLANG_CXX_LIBRARY = "libc++";
				CLANG_ENABLE_MODULES = YES;
				CLANG_ENABLE_OBJC_ARC = YES;
				CLANG_WARN_BOOL_CONVERSION = YES;
				CLANG_WARN_CONSTANT_CONVERSION = YES;
				CLANG_WARN_DIRECT_OBJC_ISA_USAGE = YES_ERROR;
				CLANG_WARN_DOCUMENTATION_COMMENTS = YES;
				CLANG_WARN_EMPTY_BODY = YES;
				CLANG_WARN_ENUM_CONVERSION = YES;
				CLANG_WARN_INFINITE_RECURSION = YES;
				CLANG_WARN_INT_CONVERSION = YES;
				CLANG_WARN_OBJC_ROOT_CLASS = YES_ERROR;
				CLANG_WARN_SUSPICIOUS_MOVE = YES;
				CLANG_WARN_UNREACHABLE_CODE = YES;
				CLANG_WARN__DUPLICATE_METHOD_MATCH = YES;
				"CODE_SIGN_IDENTITY[sdk=iphoneos*]" = "iPhone Developer";
				COPY_PHASE_STRIP = NO;
				DEBUG_INFORMATION_FORMAT = "dwarf-with-dsym";
				ENABLE_NS_ASSERTIONS = NO;
				ENABLE_STRICT_OBJC_MSGSEND = YES;
				GCC_C_LANGUAGE_STANDARD = gnu99;
				GCC_NO_COMMON_BLOCKS = YES;
				GCC_WARN_64_TO_32_BIT_CONVERSION = YES;
				GCC_WARN_ABOUT_RETURN_TYPE = YES_ERROR;
				GCC_WARN_UNDECLARED_SELECTOR = YES;
				GCC_WARN_UNINITIALIZED_AUTOS = YES_AGGRESSIVE;
				GCC_WARN_UNUSED_FUNCTION = YES;
				GCC_WARN_UNUSED_VARIABLE = YES;
				IPHONEOS_DEPLOYMENT_TARGET = 10.2;
				MTL_ENABLE_DEBUG_INFO = NO;
				SDKROOT = iphoneos;
				SWIFT_OPTIMIZATION_LEVEL = "-Owholemodule";
				VALIDATE_PRODUCT = YES;
			};
			name = Release;
		};
		C39B04EA1EC7F8BB00EFCD49 /* Debug */ = {
			isa = XCBuildConfiguration;
			buildSettings = {
				ASSETCATALOG_COMPILER_APPICON_NAME = AppIcon;
				DEVELOPMENT_TEAM = 58TV7AA4JA;
				INFOPLIST_FILE = AVCam_III/Info.plist;
				LD_RUNPATH_SEARCH_PATHS = "$(inherited) @executable_path/Frameworks";
				PRODUCT_BUNDLE_IDENTIFIER = "com.marcad.apps.AVCam-III";
				PRODUCT_NAME = "$(TARGET_NAME)";
				SWIFT_VERSION = 3.0;
			};
			name = Debug;
		};
		C39B04EB1EC7F8BB00EFCD49 /* Release */ = {
			isa = XCBuildConfiguration;
			buildSettings = {
				ASSETCATALOG_COMPILER_APPICON_NAME = AppIcon;
				DEVELOPMENT_TEAM = 58TV7AA4JA;
				INFOPLIST_FILE = AVCam_III/Info.plist;
				LD_RUNPATH_SEARCH_PATHS = "$(inherited) @executable_path/Frameworks";
				PRODUCT_BUNDLE_IDENTIFIER = "com.marcad.apps.AVCam-III";
				PRODUCT_NAME = "$(TARGET_NAME)";
				SWIFT_VERSION = 3.0;
			};
			name = Release;
		};
/* End XCBuildConfiguration section */

/* Begin XCConfigurationList section */
		C39B04CF1EC7F8BB00EFCD49 /* Build configuration list for PBXProject "AVCam_III" */ = {
			isa = XCConfigurationList;
			buildConfigurations = (
				C39B04E71EC7F8BB00EFCD49 /* Debug */,
				C39B04E81EC7F8BB00EFCD49 /* Release */,
			);
			defaultConfigurationIsVisible = 0;
			defaultConfigurationName = Release;
		};
		C39B04E91EC7F8BB00EFCD49 /* Build configuration list for PBXNativeTarget "AVCam_III" */ = {
			isa = XCConfigurationList;
			buildConfigurations = (
				C39B04EA1EC7F8BB00EFCD49 /* Debug */,
				C39B04EB1EC7F8BB00EFCD49 /* Release */,
			);
			defaultConfigurationIsVisible = 0;
			defaultConfigurationName = Release;
		};
/* End XCConfigurationList section */

/* Begin XCVersionGroup section */
		C39B04DE1EC7F8BB00EFCD49 /* AVCam_III.xcdatamodeld */ = {
			isa = XCVersionGroup;
			children = (
				C39B04DF1EC7F8BB00EFCD49 /* AVCam_III.xcdatamodel */,
			);
			currentVersion = C39B04DF1EC7F8BB00EFCD49 /* AVCam_III.xcdatamodel */;
			path = AVCam_III.xcdatamodeld;
			sourceTree = "<group>";
			versionGroupType = wrapper.xcdatamodel;
		};
/* End XCVersionGroup section */
	};
	rootObject = C39B04CC1EC7F8BB00EFCD49 /* Project object */;
}
